# THIS IS AN AUTOGENERATED FILE. DO NOT EDIT THIS FILE DIRECTLY.
# yarn lockfile v1


"@hyperswarm/rpc@^3.3.2":
  version "3.3.2"
  resolved "https://registry.yarnpkg.com/@hyperswarm/rpc/-/rpc-3.3.2.tgz#e4197c5997a7933df8c69d49bc4c6cfcaf7e5593"
  integrity sha512-FH3i2rbwu2b9o4Dx3WFrdlv42D3FSMVrP2Oj3KZfx7iYZsfB6t0UBC6k6lLor19xcba4a0faM07ZmzaDFJ9w1Q==
  dependencies:
    b4a "^1.6.4"
    hyperdht "^6.6.0"
    protomux-rpc "^1.3.0"
  optionalDependencies:
    bare-events "^2.2.0"

"@hyperswarm/secret-stream@^6.0.0", "@hyperswarm/secret-stream@^6.6.2":
  version "6.7.1"
  resolved "https://registry.yarnpkg.com/@hyperswarm/secret-stream/-/secret-stream-6.7.1.tgz#e4fce526a25186b544cc9d5d20a658ebd38a4a7b"
  integrity sha512-isb18Pt6lXBpOQMRmpqItw+kYynXilOFyOhto/RMP15WQtTWC0rR5jfZPYXU7ZYV6Kxd2lyQ4ZBevoIcvEJHEQ==
  dependencies:
    b4a "^1.1.0"
    hypercore-crypto "^3.3.1"
    noise-curve-ed "^2.0.1"
    noise-handshake "^3.0.2"
    sodium-secretstream "^1.1.0"
    sodium-universal "^4.0.0"
    streamx "^2.14.0"
    timeout-refresh "^2.0.0"
    unslab "^1.3.0"

asynckit@^0.4.0:
  version "0.4.0"
  resolved "https://registry.yarnpkg.com/asynckit/-/asynckit-0.4.0.tgz#c79ed97f7f34cb8f2ba1bc9790bcc366474b4b79"
  integrity sha512-Oei9OH4tRh0YqU3GxhX79dM/mwVgvbZJaSNaRk+bshkj0S5cfHcgYakreBjrHwatXKbz+IoIdYLxrKim2MjW0Q==

axios@^1.7.7:
  version "1.7.7"
  resolved "https://registry.yarnpkg.com/axios/-/axios-1.7.7.tgz#2f554296f9892a72ac8d8e4c5b79c14a91d0a47f"
  integrity sha512-S4kL7XrjgBmvdGut0sN3yJxqYzrDOnivkBiN0OFs6hLiUam3UPvswUo0kqGyhqUZGEOytHyumEdXsAkgCOUf3Q==
  dependencies:
    follow-redirects "^1.15.6"
    form-data "^4.0.0"
    proxy-from-env "^1.1.0"

b4a@^1.1.0, b4a@^1.1.1, b4a@^1.3.0, b4a@^1.3.1, b4a@^1.5.0, b4a@^1.5.3, b4a@^1.6.0, b4a@^1.6.1, b4a@^1.6.3, b4a@^1.6.4, b4a@^1.6.6:
  version "1.6.7"
  resolved "https://registry.yarnpkg.com/b4a/-/b4a-1.6.7.tgz#a99587d4ebbfbd5a6e3b21bdb5d5fa385767abe4"
  integrity sha512-OnAYlL5b7LEkALw87fUVafQw5rVR9RjwGd4KUwNQ6DrrNmaVaUCgLipfVlzrPQ4tWOR9P0IXGNOx50jYCCdSJg==

bare-events@^2.0.0, bare-events@^2.2.0:
  version "2.5.0"
  resolved "https://registry.yarnpkg.com/bare-events/-/bare-events-2.5.0.tgz#305b511e262ffd8b9d5616b056464f8e1b3329cc"
  integrity sha512-/E8dDe9dsbLyh2qrZ64PEPadOQ0F4gbl1sUJOrmph7xOiIxfY8vwab/4bFLh4Y88/Hk/ujKcrQKc+ps0mv873A==

bare-fs@^3.0.2:
  version "3.1.1"
  resolved "https://registry.yarnpkg.com/bare-fs/-/bare-fs-3.1.1.tgz#8438ecb47613b2208024b4b0aec488ff8aaca119"
  integrity sha512-AhJ8tNQxhYGfpYERMKshGXG5CJF7S2JpxYAGTa1+Bd78m4TKeMqj9UqmW8Z2ooAYeP0idv0fi/AYVomS9NqKRQ==
  dependencies:
    bare-events "^2.0.0"
    bare-path "^3.0.0"
    bare-stream "^2.0.0"

bare-os@^3.0.1:
  version "3.3.0"
  resolved "https://registry.yarnpkg.com/bare-os/-/bare-os-3.3.0.tgz#9a3a1dc8759651212f5d611afaad9980527af3cb"
  integrity sha512-FHpgZfomMYliB1mDls35vFDpSQGFKS+yZYTCNdkK891t5dl9+sNUvplKxIPJvnhPHl+ZYTOz0gIJHeFpjltcDg==

bare-path@^3.0.0:
  version "3.0.0"
  resolved "https://registry.yarnpkg.com/bare-path/-/bare-path-3.0.0.tgz#b59d18130ba52a6af9276db3e96a2e3d3ea52178"
  integrity sha512-tyfW2cQcB5NN8Saijrhqn0Zh7AnFNsnczRcuWODH0eYAXBsJ5gVxAUuNr7tsHSC6IZ77cA0SitzT+s47kot8Mw==
  dependencies:
    bare-os "^3.0.1"

bare-stream@^2.0.0:
  version "2.3.2"
  resolved "https://registry.yarnpkg.com/bare-stream/-/bare-stream-2.3.2.tgz#3bc62b429bcf850d2f265719b7a49ee0630a3ae4"
  integrity sha512-EFZHSIBkDgSHIwj2l2QZfP4U5OcD4xFAOwhSb/vlr9PIqyGJGvB/nfClJbcnh3EY4jtPE4zsb5ztae96bVF79A==
  dependencies:
    streamx "^2.20.0"

big-sparse-array@^1.0.3:
  version "1.0.3"
  resolved "https://registry.yarnpkg.com/big-sparse-array/-/big-sparse-array-1.0.3.tgz#03ca7264b9dced764c5fe07e46a7ea160c0d28f7"
  integrity sha512-6RjV/3mSZORlMdpUaQ6rUSpG637cZm0//E54YYGtQg1c1O+AbZP8UTdJ/TchsDZcTVLmyWZcseBfp2HBeXUXOQ==

bits-to-bytes@^1.0.0, bits-to-bytes@^1.3.0:
  version "1.3.0"
  resolved "https://registry.yarnpkg.com/bits-to-bytes/-/bits-to-bytes-1.3.0.tgz#b6b0b547ff5747b0609a42e31a0b57212f09f4e7"
  integrity sha512-OJoHTpFXS9bXHBCekGTByf3MqM8CGblBDIduKQeeVVeiU9dDWywSSirXIBYGgg3d1zbVuvnMa1vD4r6PA0kOKg==
  dependencies:
    b4a "^1.5.0"

blind-relay@^1.3.0:
  version "1.3.3"
  resolved "https://registry.yarnpkg.com/blind-relay/-/blind-relay-1.3.3.tgz#b9460fac1c2e8a8a326dbbb827b8c00339ed729f"
  integrity sha512-J49HZaRLA+jgmIA+J01x0NzDtNMQVzuFfz7CnLLijIUMJkxTbaexIGI/tfk6LONcr/+INmgbS8gMLeuaRvfreA==
  dependencies:
    b4a "^1.6.4"
    bare-events "^2.2.0"
    bits-to-bytes "^1.3.0"
    compact-encoding "^2.12.0"
    compact-encoding-bitfield "^1.0.0"
    hypertrace "^1.4.1"
    protomux "^3.5.1"
    sodium-universal "^4.0.0"
    streamx "^2.15.1"

bogon@^1.0.0:
  version "1.1.0"
  resolved "https://registry.yarnpkg.com/bogon/-/bogon-1.1.0.tgz#14234260353d8f806c3a307202f66698f635d18b"
  integrity sha512-a6SnToksXHuUlgeMvI/txWmTcKz7c7iBa8f0HbXL4toN1Uza/CTQ4F7n9jSDX49TCpxv3KUP100q4sZfwLyLiw==
  dependencies:
    compact-encoding "^2.11.0"
    compact-encoding-net "^1.2.0"

codecs@^3.0.0:
  version "3.1.0"
  resolved "https://registry.yarnpkg.com/codecs/-/codecs-3.1.0.tgz#34509aea31c34985b91aed07edbc3ff233b61f6e"
  integrity sha512-Dqx8NwvBvnMeuPQdVKy/XEF71igjR5apxBvCGeV0pP1tXadOiaLvDTXt7xh+/5wI1ASB195mXQGJbw3Ml4YDWQ==
  dependencies:
    b4a "^1.6.3"

combined-stream@^1.0.8:
  version "1.0.8"
  resolved "https://registry.yarnpkg.com/combined-stream/-/combined-stream-1.0.8.tgz#c3d45a8b34fd730631a110a8a2520682b31d5a7f"
  integrity sha512-FQN4MRfuJeHf7cBbBMJFXhKSDq+2kAArBlmRBvcvFE5BB1HZKXtSFASDhdlz9zOYwxh8lDdnvmMOe/+5cdoEdg==
  dependencies:
    delayed-stream "~1.0.0"

compact-encoding-bitfield@^1.0.0:
  version "1.0.0"
  resolved "https://registry.yarnpkg.com/compact-encoding-bitfield/-/compact-encoding-bitfield-1.0.0.tgz#39f923263dffb68b266b6cb9dc0bae2d42cf5c4a"
  integrity sha512-3nMVKUg+PF72UHfainmCL8uKvyWfxsjqOtUY+HiMPGLPCTjnwzoKfFAMo1Ad7nwTPdjBqtGK5b3BOFTFW4EBTg==
  dependencies:
    compact-encoding "^2.4.1"

compact-encoding-net@^1.0.1, compact-encoding-net@^1.2.0:
  version "1.2.0"
  resolved "https://registry.yarnpkg.com/compact-encoding-net/-/compact-encoding-net-1.2.0.tgz#19d2efd55df10f2ee793576fc4483bf6d2218743"
  integrity sha512-LVXpNpF7PGQeHRVVLGgYWzuVoYAaDZvKUsUxRioGfkotzvOh4AzoQF1HBH3zMNaSnx7gJXuUr3hkjnijaH/Eng==
  dependencies:
    compact-encoding "^2.4.1"

compact-encoding@^2.11.0, compact-encoding@^2.12.0, compact-encoding@^2.15.0, compact-encoding@^2.4.1, compact-encoding@^2.5.1, compact-encoding@^2.6.1:
  version "2.15.1"
  resolved "https://registry.yarnpkg.com/compact-encoding/-/compact-encoding-2.15.1.tgz#0cba25a29bb9ab71670d8cb655713313dde61de2"
  integrity sha512-YaDPQnNyOPodxSOdiIeCfOAa9WchMtiUp0ba3qQsO2qmU9s+OThxEe9X65Zi5BluGaF0O/RbS2ZcWmnYF3eIHQ==
  dependencies:
    b4a "^1.3.0"

crc-native@^1.0.3:
  version "1.1.5"
  resolved "https://registry.yarnpkg.com/crc-native/-/crc-native-1.1.5.tgz#734ffd3762f524234f4dac508390bb571c59f880"
  integrity sha512-toSzpisZ2AhmmfTA6h2Lt0JWOM6G+y0wAGP+JL9bkmLvwpWV2Co4P+DhGEOcGabIeFORZmfIvEs7VAm7kma5vg==
  dependencies:
    node-gyp-build "^4.8.2"

crc-universal@^1.0.2:
  version "1.0.4"
  resolved "https://registry.yarnpkg.com/crc-universal/-/crc-universal-1.0.4.tgz#8320b35d62ab30578de28232b904ef6113983b16"
  integrity sha512-CE9xWEI6Gd5V0Bdmj5NoWH3d7+EIe4zUpy1sv6uvKYznzsDP1vhiWsTBmL6q9IrH2P6RRshp+8AkhR4CMtY5Hg==
  optionalDependencies:
    crc-native "^1.0.3"

debounceify@^1.0.0:
  version "1.1.0"
  resolved "https://registry.yarnpkg.com/debounceify/-/debounceify-1.1.0.tgz#393505192ab1c2a0e6bb2fe9bc87bc04009a3a7e"
  integrity sha512-eKuHDVfJVg+u/0nPy8P+fhnLgbyuTgVxuCRrS/R7EpDSMMkBDgSes41MJtSAY1F1hcqfHz3Zy/qpqHHIp/EhdA==

delayed-stream@~1.0.0:
  version "1.0.0"
  resolved "https://registry.yarnpkg.com/delayed-stream/-/delayed-stream-1.0.0.tgz#df3ae199acadfb7d440aaae0b29e2272b24ec619"
  integrity sha512-ZySD7Nf91aLB0RxL4KGrKHBXl7Eds1DAmEdcoVawXnLD7SDhpNgtuII2aAkg7a7QS41jxPSZ17p4VdGnMHk3MQ==

dht-rpc@^6.15.1:
  version "6.15.1"
  resolved "https://registry.yarnpkg.com/dht-rpc/-/dht-rpc-6.15.1.tgz#2fb45395130fc2a06237f7f2d7c13a638f065247"
  integrity sha512-nX5HQdkuh3wzz8QnZJJs5tKF2u0ckOxwnq8ddkMYyiwDIjlILVOdcUX0i+dwyMSsynR6I+43g9jYwZwRcFG2ww==
  dependencies:
    b4a "^1.6.1"
    bare-events "^2.2.0"
    compact-encoding "^2.11.0"
    compact-encoding-net "^1.2.0"
    fast-fifo "^1.1.0"
    kademlia-routing-table "^1.0.1"
    nat-sampler "^1.0.1"
    sodium-universal "^4.0.0"
    streamx "^2.13.2"
    time-ordered-set "^2.0.0"
    udx-native "^1.5.3"

dotenv@^16.4.5:
  version "16.4.5"
  resolved "https://registry.yarnpkg.com/dotenv/-/dotenv-16.4.5.tgz#cdd3b3b604cb327e286b4762e13502f717cb099f"
  integrity sha512-ZmdL2rui+eB2YwhsWzjInR8LldtZHGDoQ1ugH85ppHKwpUHL7j7rN0Ti9NCnGiQbhaZ11FpR+7ao1dNsmduNUg==

fast-fifo@^1.1.0, fast-fifo@^1.3.0, fast-fifo@^1.3.2:
  version "1.3.2"
  resolved "https://registry.yarnpkg.com/fast-fifo/-/fast-fifo-1.3.2.tgz#286e31de96eb96d38a97899815740ba2a4f3640c"
  integrity sha512-/d9sfos4yxzpwkDkuN7k2SqFKtYNmCTzgfEpz82x34IM9/zc8KGxQoXg1liNC/izpRM/MBdt44Nmx41ZWqk+FQ==

flat-tree@^1.9.0:
  version "1.12.1"
  resolved "https://registry.yarnpkg.com/flat-tree/-/flat-tree-1.12.1.tgz#36a1849c94c6e877e9f2c8b9c3bf5129030f9065"
  integrity sha512-GchQ+onbnw5QaqsGbpcV6c8etAd396X/EVdDxutQMkGapB0lRvV9heIXS6ZffQVCse0hm2hBpK7GJz2Zp7qiMg==

follow-redirects@^1.15.6:
  version "1.15.9"
  resolved "https://registry.yarnpkg.com/follow-redirects/-/follow-redirects-1.15.9.tgz#a604fa10e443bf98ca94228d9eebcc2e8a2c8ee1"
  integrity sha512-gew4GsXizNgdoRyqmyfMHyAmXsZDk6mHkSxZFCzW9gwlbtOW44CDtYavM+y+72qD/Vq2l550kMF52DT8fOLJqQ==

form-data@^4.0.0:
  version "4.0.1"
  resolved "https://registry.yarnpkg.com/form-data/-/form-data-4.0.1.tgz#ba1076daaaa5bfd7e99c1a6cb02aa0a5cff90d48"
  integrity sha512-tzN8e4TX8+kkxGPK8D5u0FNmjPUjw3lwC9lSLxxoB/+GtsJG91CO8bSWy73APlgAZzZbXEYZJuxjkHH2w+Ezhw==
  dependencies:
    asynckit "^0.4.0"
    combined-stream "^1.0.8"
    mime-types "^2.1.12"

fs-native-extensions@^1.3.1:
  version "1.3.2"
  resolved "https://registry.yarnpkg.com/fs-native-extensions/-/fs-native-extensions-1.3.2.tgz#5b1f1fbe40d2372c549c7eaa81f8d11449db5b14"
  integrity sha512-fQaLJt4uY96iiMdy+rV561TaXefkfTq4dmSXcN2D1z8SBtFTsmcO3GaJexPKTxltqdh826JQBK1CySo3EpzgQQ==
  dependencies:
    node-gyp-build "^4.8.2"
    which-runtime "^1.2.0"

hyperbee@^2.20.6:
  version "2.20.6"
  resolved "https://registry.yarnpkg.com/hyperbee/-/hyperbee-2.20.6.tgz#e0d2f02f091d68081ec1947daccec05c96570590"
  integrity sha512-F1RnUmDrjgom1Hhjqxl9Gvl5UK1cvUcxTaS0dGUGmG47TeZClR4Ae1gWoE0JetEstjU5k7FZXucJ78qUDcVuQQ==
  dependencies:
    b4a "^1.6.0"
    codecs "^3.0.0"
    debounceify "^1.0.0"
    hypercore-errors "^1.0.0"
    mutexify "^1.4.0"
    protocol-buffers-encodings "^1.2.0"
    rache "^1.0.0"
    ready-resource "^1.0.0"
    safety-catch "^1.0.2"
    streamx "^2.12.4"
    unslab "^1.2.0"

hypercore-crypto@^3.2.1, hypercore-crypto@^3.3.0, hypercore-crypto@^3.3.1:
  version "3.4.2"
  resolved "https://registry.yarnpkg.com/hypercore-crypto/-/hypercore-crypto-3.4.2.tgz#4663da0776dcf4a6c9da2bc83db8592c06c83548"
  integrity sha512-16ii4M6T1dFfRa41Szv3IR0wXfImJMYJ8ysZEGwHEDH7sMeWVEBck6tg1GCNutYl39E+H7wMY2p3ndCRfj+XdQ==
  dependencies:
    b4a "^1.6.6"
    compact-encoding "^2.15.0"
    sodium-universal "^4.0.1"

hypercore-errors@^1.0.0, hypercore-errors@^1.2.0:
  version "1.3.0"
  resolved "https://registry.yarnpkg.com/hypercore-errors/-/hypercore-errors-1.3.0.tgz#f39450202c75b7b473f97f20631d60d29a6514d8"
  integrity sha512-WsmSu05Ve1hXaT/2Etwz7mgZ1sAXe8EaveahUfaeECllxvYNaP5EbAPw5YaA4OqR3d217litGt4qKch9TBnavA==

hypercore-id-encoding@^1.2.0:
  version "1.3.0"
  resolved "https://registry.yarnpkg.com/hypercore-id-encoding/-/hypercore-id-encoding-1.3.0.tgz#b3822eb97bee89ac134ffea2b8b67230ca166f55"
  integrity sha512-W6sHdGo5h7LXEsoWfKf/KfuROZmZRQDlGqJF2EPHW+noCK66Vvr0+zE6cL0vqQi18s0kQPeN7Sq3QyR0Ytc2VQ==
  dependencies:
    b4a "^1.5.3"
    z32 "^1.0.0"

hypercore@^10.38.1:
  version "10.38.1"
  resolved "https://registry.yarnpkg.com/hypercore/-/hypercore-10.38.1.tgz#a45a80b4d3c2b2cbc9ebf7def4cd7794b6a63f1b"
  integrity sha512-l4BHXb/0yg7VaUq2GB3jxPTT23XYMIIkrhrYoSFymuKEsZ/us/eDvu/g3LQcJzufzMMlJlsKg6APnfB7APk5wg==
  dependencies:
    "@hyperswarm/secret-stream" "^6.0.0"
    b4a "^1.1.0"
    bare-events "^2.2.0"
    big-sparse-array "^1.0.3"
    compact-encoding "^2.11.0"
    crc-universal "^1.0.2"
    fast-fifo "^1.3.0"
    flat-tree "^1.9.0"
    hypercore-crypto "^3.2.1"
    hypercore-errors "^1.2.0"
    hypercore-id-encoding "^1.2.0"
    is-options "^1.0.1"
    protomux "^3.5.0"
    quickbit-universal "^2.2.0"
    random-access-file "^4.0.0"
    random-array-iterator "^1.0.0"
    safety-catch "^1.0.1"
    sodium-universal "^4.0.0"
    streamx "^2.12.4"
    unslab "^1.3.0"
    xache "^1.1.0"
    z32 "^1.0.0"

hyperdht@^6.20.0, hyperdht@^6.6.0:
  version "6.20.0"
  resolved "https://registry.yarnpkg.com/hyperdht/-/hyperdht-6.20.0.tgz#f55f72a144d885bf54c0517398f5e324c704fd79"
  integrity sha512-nStuUGDQheN7Cnlkp1LF4/S4r5zR5m6bQ8EdK5M6F+UXJHyFL7D2CfeasYJH4kdYvfV8njrAGQYcE/h8CYmXmA==
  dependencies:
    "@hyperswarm/secret-stream" "^6.6.2"
    b4a "^1.3.1"
    bare-events "^2.2.0"
    blind-relay "^1.3.0"
    bogon "^1.0.0"
    compact-encoding "^2.4.1"
    compact-encoding-net "^1.0.1"
    dht-rpc "^6.15.1"
    hypercore-crypto "^3.3.0"
    hypercore-id-encoding "^1.2.0"
    noise-curve-ed "^2.0.0"
    noise-handshake "^3.0.0"
    record-cache "^1.1.1"
    safety-catch "^1.0.1"
    signal-promise "^1.0.3"
    sodium-universal "^4.0.0"
    streamx "^2.16.1"
    unslab "^1.3.0"
    xache "^1.1.0"

hypertrace@^1.4.1:
  version "1.4.2"
  resolved "https://registry.yarnpkg.com/hypertrace/-/hypertrace-1.4.2.tgz#70933403bab99b1711e3e1512d574cc70f9531e8"
  integrity sha512-sa6iq1FaJ03Db3eUl5ZodyOL3fheyrum9xzeHasXOQ/AprTT6vS1WjpbXfYkHhmzVmyn0jBW/VsCb1QaBkGyow==

is-options@^1.0.1:
  version "1.0.2"
  resolved "https://registry.yarnpkg.com/is-options/-/is-options-1.0.2.tgz#61dcfc1e8786c028a3adf919fa3b3cdb9fc30f81"
  integrity sha512-u+Ai74c8Q74aS8BuHwPdI1jptGOT1FQXgCq8/zv0xRuE+wRgSMEJLj8lVO8Zp9BeGb29BXY6AsNPinfqjkr7Fg==
  dependencies:
    b4a "^1.1.1"

kademlia-routing-table@^1.0.1:
  version "1.0.3"
  resolved "https://registry.yarnpkg.com/kademlia-routing-table/-/kademlia-routing-table-1.0.3.tgz#03a9a165411114268e632f845df0202a8c90c099"
  integrity sha512-ag1nLPaCSxbLnG6zeTBoGkdm+JSUi2JHMiNynHBoRG8se2w9yfyzepF3oX1B52HOEldtbuxTde5NxbNUtnwGqA==
  dependencies:
    bare-events "^2.2.0"

mime-db@1.52.0:
  version "1.52.0"
  resolved "https://registry.yarnpkg.com/mime-db/-/mime-db-1.52.0.tgz#bbabcdc02859f4987301c856e3387ce5ec43bf70"
  integrity sha512-sPU4uV7dYlvtWJxwwxHD0PuihVNiE7TyAbQ5SWxDCB9mUYvOgroQOwYQQOKPJ8CIbE+1ETVlOoK1UC2nU3gYvg==

mime-types@^2.1.12:
  version "2.1.35"
  resolved "https://registry.yarnpkg.com/mime-types/-/mime-types-2.1.35.tgz#381a871b62a734450660ae3deee44813f70d959a"
  integrity sha512-ZDY+bPm5zTTF+YpCrAU9nK0UgICYPT0QtT1NZWFv4s++TNkcgVaT0g6+4R2uI4MjQjzysHB1zxuWL50hzaeXiw==
  dependencies:
    mime-db "1.52.0"

mutexify@^1.4.0:
  version "1.4.0"
  resolved "https://registry.yarnpkg.com/mutexify/-/mutexify-1.4.0.tgz#b7f4ac0273c81824b840887c6a6e0bfab14bbe94"
  integrity sha512-pbYSsOrSB/AKN5h/WzzLRMFgZhClWccf2XIB4RSMC8JbquiB0e0/SH5AIfdQMdyHmYtv4seU7yV/TvAwPLJ1Yg==
  dependencies:
    queue-tick "^1.0.0"

nanoassert@^2.0.0:
  version "2.0.0"
  resolved "https://registry.yarnpkg.com/nanoassert/-/nanoassert-2.0.0.tgz#a05f86de6c7a51618038a620f88878ed1e490c09"
  integrity sha512-7vO7n28+aYO4J+8w96AzhmU8G+Y/xpPDJz/se19ICsqj/momRbb9mh9ZUtkoJ5X3nTnPdhEJyc0qnM6yAsHBaA==

nat-sampler@^1.0.1:
  version "1.0.1"
  resolved "https://registry.yarnpkg.com/nat-sampler/-/nat-sampler-1.0.1.tgz#2b68338ea6d4c139450cd971fd00a4ac1b33d923"
  integrity sha512-yQvyNN7xbqR8crTKk3U8gRgpcV1Az+vfCEijiHu9oHHsnIl8n3x+yXNHl42M6L3czGynAVoOT9TqBfS87gDdcw==

node-gyp-build@^4.4.0, node-gyp-build@^4.8.0, node-gyp-build@^4.8.2:
  version "4.8.4"
  resolved "https://registry.yarnpkg.com/node-gyp-build/-/node-gyp-build-4.8.4.tgz#8a70ee85464ae52327772a90d66c6077a900cfc8"
  integrity sha512-LA4ZjwlnUblHVgq0oBF3Jl/6h/Nvs5fzBLwdEF4nuxnFdsfajde4WfxtJr3CaiH+F6ewcIB/q4jQ4UzPyid+CQ==

noise-curve-ed@^2.0.0, noise-curve-ed@^2.0.1:
  version "2.0.1"
  resolved "https://registry.yarnpkg.com/noise-curve-ed/-/noise-curve-ed-2.0.1.tgz#c07adb2dde8dfaffb90aa95be9a522f5ed661e6d"
  integrity sha512-8HMZ40Wmarg8RQjVemLrjB49JSL6eGeOD+tlzaQW5/p+hNPfHFEMC3UZZ57zUqUprMuz6GN+gsPExpz2DWL+iA==
  dependencies:
    b4a "^1.1.0"
    nanoassert "^2.0.0"
    sodium-universal "^4.0.0"

noise-handshake@^3.0.0, noise-handshake@^3.0.2:
  version "3.1.0"
  resolved "https://registry.yarnpkg.com/noise-handshake/-/noise-handshake-3.1.0.tgz#8be14b58f4a956c2a6ab41ff8691c6242a4f5b82"
  integrity sha512-0S1qkUvMbTvZCfgr/vSkVT84YyvI4Q0OLwSc5BFxVmjaePrxAwVeXeJDY3A7N/7+qj95gZ15LaNoP9ZnBXH5Lw==
  dependencies:
    b4a "^1.1.0"
    nanoassert "^2.0.0"
    sodium-universal "^4.0.0"

protocol-buffers-encodings@^1.2.0:
  version "1.2.0"
  resolved "https://registry.yarnpkg.com/protocol-buffers-encodings/-/protocol-buffers-encodings-1.2.0.tgz#39900b85dcff3172a23f15bdf3fda70daa2b38d3"
  integrity sha512-daeNPuKh1NlLD1uDfbLpD+xyUTc07nEtfHwmBZmt/vH0B7VOM+JOCOpDcx9ZRpqHjAiIkGqyTDi+wfGSl17R9w==
  dependencies:
    b4a "^1.6.0"
    signed-varint "^2.0.1"
    varint "5.0.0"

protomux-rpc@^1.3.0:
  version "1.6.0"
  resolved "https://registry.yarnpkg.com/protomux-rpc/-/protomux-rpc-1.6.0.tgz#4466c12bb56bd17c03661589a017547e96598aa9"
  integrity sha512-4wQdr5wKc3eO7mavWM5o4qH5lap+OvJRyrVA86nsSSI7OM3a7B9gxdukOazXvx136DSCBLFrMhRE+Yb5kn5ffg==
  dependencies:
    bits-to-bytes "^1.0.0"
    compact-encoding "^2.6.1"
    compact-encoding-bitfield "^1.0.0"
    protomux "^3.7.0"
    safety-catch "^1.0.2"
  optionalDependencies:
    bare-events "^2.2.0"

protomux@^3.5.0, protomux@^3.5.1, protomux@^3.7.0:
  version "3.10.0"
  resolved "https://registry.yarnpkg.com/protomux/-/protomux-3.10.0.tgz#407517d4d3c5bd3a1f7023cd07b4604e976ad424"
  integrity sha512-YjNhvdYWI5HGbbUUKRR8DT3mg+RaZQT6V5T83ktd4veAdHg0CLvevcs33wo8rjdEwCnRaSNXkzlw48tbSaPVag==
  dependencies:
    b4a "^1.3.1"
    compact-encoding "^2.5.1"
    queue-tick "^1.0.0"
    safety-catch "^1.0.1"
    unslab "^1.3.0"

proxy-from-env@^1.1.0:
  version "1.1.0"
  resolved "https://registry.yarnpkg.com/proxy-from-env/-/proxy-from-env-1.1.0.tgz#e102f16ca355424865755d2c9e8ea4f24d58c3e2"
  integrity sha512-D+zkORCbA9f1tdWRK0RaCR3GPv50cMxcrz4X8k5LTSUD1Dkw47mKJEZQNunItRTkWwgtaUSo1RVFRIG9ZXiFYg==

queue-tick@^1.0.0, queue-tick@^1.0.1:
  version "1.0.1"
  resolved "https://registry.yarnpkg.com/queue-tick/-/queue-tick-1.0.1.tgz#f6f07ac82c1fd60f82e098b417a80e52f1f4c142"
  integrity sha512-kJt5qhMxoszgU/62PLP1CJytzd2NKetjSRnyuj31fDd3Rlcz3fzlFdFLD1SItunPwyqEOkca6GbV612BWfaBag==

quickbit-native@^2.2.0:
  version "2.3.4"
  resolved "https://registry.yarnpkg.com/quickbit-native/-/quickbit-native-2.3.4.tgz#dea2c2508ce9ea00316ceafeb9a01af6066cb473"
  integrity sha512-inl+SbEDqL+NTGFsk/S7nhaFtNEUANpXM1umGeJdOY0gtCLcDTSOZ9sGIXcaKukBgThw9cTD1rgCsYy6sAox+A==
  dependencies:
    b4a "^1.6.0"
    node-gyp-build "^4.8.2"

quickbit-universal@^2.2.0:
  version "2.2.0"
  resolved "https://registry.yarnpkg.com/quickbit-universal/-/quickbit-universal-2.2.0.tgz#13e2c6f99edd61e62f09759132087969429cbade"
  integrity sha512-w02i1R8n7+6pEKTud8DfF8zbFY9o7RtPlUc3jWbtCkDKvhbx/AvV7oNnz4/TcmsPGpSJS+fq5Ud6RH6+YPvSGg==
  dependencies:
    b4a "^1.6.0"
    simdle-universal "^1.1.0"
  optionalDependencies:
    quickbit-native "^2.2.0"

rache@^1.0.0:
  version "1.0.0"
  resolved "https://registry.yarnpkg.com/rache/-/rache-1.0.0.tgz#e56f95abc0c056d3b86c9fdad6a004ce87921e30"
  integrity sha512-e0k0g0w/8jOCB+7YqCIlOa+OJ38k0wrYS4x18pMSmqOvLKoyhmMhmQyCcvfY6VaP8D75cqkEnlakXs+RYYLqNg==

random-access-file@^4.0.0:
  version "4.1.1"
  resolved "https://registry.yarnpkg.com/random-access-file/-/random-access-file-4.1.1.tgz#16e5335971345e0d5d4520d2582ac9046a22a02b"
  integrity sha512-HV3zvP4WizFK5jzuuld5kDRT8eW/brujnno00Kg26poMByp9H7hlE1UvpfP7RPjlOel+RVUxoYk/QBBNyFQYjw==
  dependencies:
    random-access-storage "^3.0.0"
  optionalDependencies:
    bare-fs "^3.0.2"
    bare-path "^3.0.0"
    fs-native-extensions "^1.3.1"

random-access-storage@^3.0.0:
  version "3.0.2"
  resolved "https://registry.yarnpkg.com/random-access-storage/-/random-access-storage-3.0.2.tgz#d60e8ea7601b78d83cb36efcfd05402072747d3c"
  integrity sha512-Es9maUyWdJXWKckKy9s1+vT+DEgAt+PBb9lxPaake/0EDUsHehloKGv9v1zimS2V3gpFAcQXubvc1Rgci2sDPQ==
  dependencies:
    bare-events "^2.2.0"
    queue-tick "^1.0.0"

random-array-iterator@^1.0.0:
  version "1.0.0"
  resolved "https://registry.yarnpkg.com/random-array-iterator/-/random-array-iterator-1.0.0.tgz#1081f8922d68d2817368c13028f858ec308e146b"
  integrity sha512-u7xCM93XqKEvPTP6xZp2ehttcAemKnh73oKNf1FvzuVCfpt6dILDt1Kxl1LeBjm2iNIeR49VGFhy4Iz3yOun+Q==

ready-resource@^1.0.0:
  version "1.1.1"
  resolved "https://registry.yarnpkg.com/ready-resource/-/ready-resource-1.1.1.tgz#bde7318c362d51f29a6db0e63055ba273aa3b40d"
  integrity sha512-EQbJs+wXphM1opGCpYSp3toAID8okqGDLmhjGLCiptMfMHGcTxdP3lsmSsYwU+lbrUXrbuhhgcDPge656X48VQ==
  dependencies:
    bare-events "^2.2.0"

record-cache@^1.1.1:
  version "1.2.0"
  resolved "https://registry.yarnpkg.com/record-cache/-/record-cache-1.2.0.tgz#e601bc4f164d58330cc00055e27aa4682291c882"
  integrity sha512-kyy3HWCez2WrotaL3O4fTn0rsIdfRKOdQQcEJ9KpvmKmbffKVvwsloX063EgRUlpJIXHiDQFhJcTbZequ2uTZw==
  dependencies:
    b4a "^1.3.1"

safety-catch@^1.0.1, safety-catch@^1.0.2:
  version "1.0.2"
  resolved "https://registry.yarnpkg.com/safety-catch/-/safety-catch-1.0.2.tgz#d64cbd57fd601da91c356b6ab8902f3e449a7a4b"
  integrity sha512-C1UYVZ4dtbBxEtvOcpjBaaD27nP8MlvyAQEp2fOTOEe6pfUpk1cDUxij6BR1jZup6rSyUTaBBplK7LanskrULA==

signal-promise@^1.0.3:
  version "1.0.3"
  resolved "https://registry.yarnpkg.com/signal-promise/-/signal-promise-1.0.3.tgz#3a6ae4591b7e5b926c06a85a92ceedacbbee858f"
  integrity sha512-WBgv0UnIq2C+Aeh0/n+IRpP6967eIx9WpynTUoiW3isPpfe1zu2LJzyfXdo9Tgef8yR/sGjcMvoUXD7EYdiz+g==

signed-varint@^2.0.1:
  version "2.0.1"
  resolved "https://registry.yarnpkg.com/signed-varint/-/signed-varint-2.0.1.tgz#50a9989da7c98c2c61dad119bc97470ef8528129"
  integrity sha512-abgDPg1106vuZZOvw7cFwdCABddfJRz5akcCcchzTbhyhYnsG31y4AlZEgp315T7W3nQq5P4xeOm186ZiPVFzw==
  dependencies:
    varint "~5.0.0"

simdle-native@^1.1.1:
  version "1.3.4"
  resolved "https://registry.yarnpkg.com/simdle-native/-/simdle-native-1.3.4.tgz#c55bfe9f820d738d4ac6584360785d7c2bf4d724"
  integrity sha512-7fWq9N5wP3ZYdiBcdjdNFHQ+kU/+rxr785HbxMmFjEb8choPbgE9p4fJ5Nm/H2rpSyVkgY9j0E9hYY1RAvBg+A==
  dependencies:
    b4a "^1.6.0"
    node-gyp-build "^4.8.2"

simdle-universal@^1.1.0:
  version "1.1.2"
  resolved "https://registry.yarnpkg.com/simdle-universal/-/simdle-universal-1.1.2.tgz#ecc84434d0c5cd4e6a2557763cddc46ad557a301"
  integrity sha512-3n3w1bs+uwgHKQjt6arez83EywNlhZzYvNOhvAASTl/8KqNIcqr6aHyGt3JRlfuUC7iB0tomJRPlJ2cRGIpBzA==
  dependencies:
    b4a "^1.6.0"
  optionalDependencies:
    simdle-native "^1.1.1"

sodium-native@^4.0.0:
  version "4.3.1"
  resolved "https://registry.yarnpkg.com/sodium-native/-/sodium-native-4.3.1.tgz#221a11b10876259b85ccd288dd28f07ed4dbf35f"
  integrity sha512-YdP64gAdpIKHfL4ttuX4aIfjeunh9f+hNeQJpE9C8UMndB3zkgZ7YmmGT4J2+v6Ibyp6Wem8D1TcSrtdW0bqtg==
  dependencies:
    node-gyp-build "^4.8.0"

sodium-secretstream@^1.1.0:
  version "1.1.1"
  resolved "https://registry.yarnpkg.com/sodium-secretstream/-/sodium-secretstream-1.1.1.tgz#77c3abe5312c06798d2408f2ce2eed8b841fb47b"
  integrity sha512-9lRQtNdQYmANo+sgNjEQafKrd/N4ojqv17E8wOzx3yOCaOJ5Gb4MuXoYq2Nv4Xo9Kt2fOROYcmV24bamu86c8A==
  dependencies:
    b4a "^1.1.1"
    sodium-universal "^4.0.0"

sodium-universal@^4.0.0, sodium-universal@^4.0.1:
  version "4.0.1"
  resolved "https://registry.yarnpkg.com/sodium-universal/-/sodium-universal-4.0.1.tgz#75146f3b6fb6ab0dcc9278ad468ef5f23a0351e4"
  integrity sha512-sNp13PrxYLaUFHTGoDKkSDFvoEu51bfzE12RwGlqU1fcrkpAOK0NvizaJzOWV0Omtk9me2+Pnbjcf/l0efxuGQ==
  dependencies:
    sodium-native "^4.0.0"

streamx@^2.12.4, streamx@^2.13.2, streamx@^2.14.0, streamx@^2.15.1, streamx@^2.16.1, streamx@^2.20.0:
  version "2.20.2"
  resolved "https://registry.yarnpkg.com/streamx/-/streamx-2.20.2.tgz#6a8911959d6f307c19781a1d19ecd94b5f042d78"
  integrity sha512-aDGDLU+j9tJcUdPGOaHmVF1u/hhI+CsGkT02V3OKlHDV7IukOI+nTWAGkiZEKCO35rWN1wIr4tS7YFr1f4qSvA==
  dependencies:
    fast-fifo "^1.3.2"
    queue-tick "^1.0.1"
    text-decoder "^1.1.0"
  optionalDependencies:
    bare-events "^2.2.0"

text-decoder@^1.1.0:
  version "1.2.1"
  resolved "https://registry.yarnpkg.com/text-decoder/-/text-decoder-1.2.1.tgz#e173f5121d97bfa3ff8723429ad5ba92e1ead67e"
  integrity sha512-x9v3H/lTKIJKQQe7RPQkLfKAnc9lUTkWDypIQgTzPJAq+5/GCDHonmshfvlsNSj58yyshbIJJDLmU15qNERrXQ==

time-ordered-set@^2.0.0:
  version "2.0.1"
  resolved "https://registry.yarnpkg.com/time-ordered-set/-/time-ordered-set-2.0.1.tgz#66327419aa983a6e8c8f9e1b6832f721462c95b7"
  integrity sha512-VJEKmgSN2UiOLB8BpN8Sh2b9LGMHTP5OPrQRpnKjvOheOyzk0mufbjzjKTIG2gO4A+Y+vDJ+0TcLbpUmMLsg8A==

timeout-refresh@^2.0.0:
  version "2.0.1"
  resolved "https://registry.yarnpkg.com/timeout-refresh/-/timeout-refresh-2.0.1.tgz#f8ec7cf1f9d93b2635b7d4388cb820c5f6c16f98"
  integrity sha512-SVqEcMZBsZF9mA78rjzCrYrUs37LMJk3ShZ851ygZYW1cMeIjs9mL57KO6Iv5mmjSQnOe/29/VAfGXo+oRCiVw==

udx-native@^1.5.3:
  version "1.14.4"
  resolved "https://registry.yarnpkg.com/udx-native/-/udx-native-1.14.4.tgz#19a05e5a26074f4a4d9d22d5ea44d57d0af513de"
  integrity sha512-1leMazJ1Q9v6hrVvsX10WyqII/fMtqduGW98CPWzDBqyRXKF8wOcFdKzFFM+8FHmlI0jLEiZqYMzxm8CzE8BIQ==
  dependencies:
    b4a "^1.5.0"
    bare-events "^2.2.0"
    node-gyp-build "^4.4.0"
    streamx "^2.14.0"

unslab@^1.2.0, unslab@^1.3.0:
  version "1.3.0"
  resolved "https://registry.yarnpkg.com/unslab/-/unslab-1.3.0.tgz#6b5c21c873f2adc34ac10475438344f51f681988"
  integrity sha512-YATkfKAFj47kTzmiQrWXMyRvaVrHsW6MEALa4bm+FhiA2YG4oira+Z3DXN6LrYOYn2Y8eO94Lwl9DOHjs1FpoQ==
  dependencies:
    b4a "^1.6.6"

varint@5.0.0:
  version "5.0.0"
  resolved "https://registry.yarnpkg.com/varint/-/varint-5.0.0.tgz#d826b89f7490732fabc0c0ed693ed475dcb29ebf"
  integrity sha512-gC13b/bWrqQoKY2EmROCZ+AR0jitc6DnDGaQ6Ls9QpKmuSgJB1eQ7H3KETtQm7qSdMWMKCmsshyCmUwMLh3OAA==

varint@~5.0.0:
  version "5.0.2"
  resolved "https://registry.yarnpkg.com/varint/-/varint-5.0.2.tgz#5b47f8a947eb668b848e034dcfa87d0ff8a7f7a4"
  integrity sha512-lKxKYG6H03yCZUpAGOPOsMcGxd1RHCu1iKvEHYDPmTyq2HueGhD73ssNBqqQWfvYs04G9iUFRvmAVLW20Jw6ow==

which-runtime@^1.2.0:
  version "1.2.1"
  resolved "https://registry.yarnpkg.com/which-runtime/-/which-runtime-1.2.1.tgz#cbd96267e222ce0aa21cc619dff3c8c2fc9e6575"
  integrity sha512-8feIHccQFH/whiA1fD1b4c5+Q7T4ry1g1oHYc2mHnFh81tTQFsCvy3zhS2geUapkFAVBddUT/AM1a3rbqJweFg==

xache@^1.1.0:
  version "1.2.1"
  resolved "https://registry.yarnpkg.com/xache/-/xache-1.2.1.tgz#0c2041ba13d8c60d2e10214a0ce99894315f9349"
  integrity sha512-igRS6jPreJ54ABdzhh4mCDXcz+XMaWO2q1ABRV2yWYuk29jlp8VT7UBdCqNkX7rpYBbXsebVVKkwIuYZjyZNqA==

z32@^1.0.0:
  version "1.1.0"
  resolved "https://registry.yarnpkg.com/z32/-/z32-1.1.0.tgz#f308de8e0cb877671368de47b9cb4c9d5a6f507e"
  integrity sha512-1WUHy+VS6d0HPNspDxvLssBbeQjXMjSnpv0vH82vRAUfg847NmX3OXozp/hRP5jPhxBbrVzrgvAt+UsGNzRFQQ==
  dependencies:
    b4a "^1.5.3"
